{
  "name": "js",
  "version": "1.0.0",
  "lockfileVersion": 1,
  "requires": true,
  "dependencies": {
    "density-clustering": {
      "version": "1.3.0",
      "resolved": "https://registry.npmjs.org/density-clustering/-/density-clustering-1.3.0.tgz",
      "integrity": "sha512-icpmBubVTwLnsaor9qH/4tG5+7+f61VcqMN3V3pm9sxxSCt2Jcs0zWOgwZW9ARJYaKD3FumIgHiMOcIMRRAzFQ=="
    }
  }
}
